
Microsoft Visual Studio Solution File, Format Version 12.00
# Visual Studio Version 17
VisualStudioVersion = 17.9.34728.123
MinimumVisualStudioVersion = 10.0.40219.1
Project("{2150E333-8FDC-42A3-9474-1A3956D46DE8}") = "Task0", "Task0", "{5110AC89-1818-4791-9EAF-732781FA86FA}"
EndProject
Project("{FAE04EC0-301F-11D3-BF4B-00C04F79EFBC}") = "Tyuiu.KurbanovFA.Sprint6.Task0.V28.Test", "Tyuiu.KurbanovFA.Sprint6.Task0.V28.Test\Tyuiu.KurbanovFA.Sprint6.Task0.V28.Test.csproj", "{17493764-D42D-48F8-BBDE-4B9380BBE7A5}"
EndProject
Project("{FAE04EC0-301F-11D3-BF4B-00C04F79EFBC}") = "Tyuiu.KurbanovFA.Sprint6.Task0.V28.Lib", "Tyuiu.KurbanovFA.Sprint6.Task0.V28.Lib\Tyuiu.KurbanovFA.Sprint6.Task0.V28.Lib.csproj", "{360B5BD8-8F31-4441-8823-CF9949F8ACA1}"
EndProject
Project("{FAE04EC0-301F-11D3-BF4B-00C04F79EFBC}") = "Tyuiu.KurbanovFA.Sprint6.Task0.V28", "Tyuiu.KurbanovFA.Sprint6.Task0.V28\Tyuiu.KurbanovFA.Sprint6.Task0.V28.csproj", "{247967A4-6775-47B7-B4BC-45FCE27AA3DA}"
EndProject
Project("{2150E333-8FDC-42A3-9474-1A3956D46DE8}") = "Task1", "Task1", "{C2A01B0D-D618-481A-B376-13F23AB454EE}"
EndProject
Project("{FAE04EC0-301F-11D3-BF4B-00C04F79EFBC}") = "Tyuiu.KurbanovFA.Sprint6.Task1.V5", "Tyuiu.KurbanovFA.Sprint6.Task1.V5\Tyuiu.KurbanovFA.Sprint6.Task1.V5.csproj", "{2B7C57B9-591A-4634-A998-7ABA493752D5}"
EndProject
Project("{FAE04EC0-301F-11D3-BF4B-00C04F79EFBC}") = "Tyuiu.KurbanovFA.Sprint6.Task1.V5.Lib", "Tyuiu.KurbanovFA.Sprint6.Task1.V5.Lib\Tyuiu.KurbanovFA.Sprint6.Task1.V5.Lib.csproj", "{479585DE-708B-4564-B0BD-E59A8075C67E}"
EndProject
Project("{FAE04EC0-301F-11D3-BF4B-00C04F79EFBC}") = "Tyuiu.KurbanovFA.Sprint6.Task1.V5.Test", "Tyuiu.KurbanovFA.Sprint6.Task1.V5.Test\Tyuiu.KurbanovFA.Sprint6.Task1.V5.Test.csproj", "{9EEC9844-FCC3-4CB3-87EE-18B381FCD9E9}"
EndProject
Project("{2150E333-8FDC-42A3-9474-1A3956D46DE8}") = "Task2", "Task2", "{FF5D9078-7059-4E86-BB8E-8E55838F3284}"
EndProject
Project("{FAE04EC0-301F-11D3-BF4B-00C04F79EFBC}") = "Tyuiu.KurbanovFA.Sprint6.Task2.V5", "Tyuiu.KurbanovFA.Sprint6.Task2.V5\Tyuiu.KurbanovFA.Sprint6.Task2.V5.csproj", "{B399362D-1D51-4038-9559-35E363F0720B}"
EndProject
Project("{FAE04EC0-301F-11D3-BF4B-00C04F79EFBC}") = "Tyuiu.KurbanovFA.Sprint6.Task2.V5.Lib", "Tyuiu.KurbanovFA.Sprint6.Task2.V5.Lib\Tyuiu.KurbanovFA.Sprint6.Task2.V5.Lib.csproj", "{0659A338-2611-4E61-BE01-90EA68E47B95}"
EndProject
Project("{FAE04EC0-301F-11D3-BF4B-00C04F79EFBC}") = "Tyuiu.KurbanovFA.Sprint6.Task2.V5.Test", "Tyuiu.KurbanovFA.Sprint6.Task2.V5.Test\Tyuiu.KurbanovFA.Sprint6.Task2.V5.Test.csproj", "{F2917F6B-A605-48D4-A28B-844EF89DFEDC}"
EndProject
Global
	GlobalSection(SolutionConfigurationPlatforms) = preSolution
		Debug|Any CPU = Debug|Any CPU
		Release|Any CPU = Release|Any CPU
	EndGlobalSection
	GlobalSection(ProjectConfigurationPlatforms) = postSolution
		{17493764-D42D-48F8-BBDE-4B9380BBE7A5}.Debug|Any CPU.ActiveCfg = Debug|Any CPU
		{17493764-D42D-48F8-BBDE-4B9380BBE7A5}.Debug|Any CPU.Build.0 = Debug|Any CPU
		{17493764-D42D-48F8-BBDE-4B9380BBE7A5}.Release|Any CPU.ActiveCfg = Release|Any CPU
		{17493764-D42D-48F8-BBDE-4B9380BBE7A5}.Release|Any CPU.Build.0 = Release|Any CPU
		{360B5BD8-8F31-4441-8823-CF9949F8ACA1}.Debug|Any CPU.ActiveCfg = Debug|Any CPU
		{360B5BD8-8F31-4441-8823-CF9949F8ACA1}.Debug|Any CPU.Build.0 = Debug|Any CPU
		{360B5BD8-8F31-4441-8823-CF9949F8ACA1}.Release|Any CPU.ActiveCfg = Release|Any CPU
		{360B5BD8-8F31-4441-8823-CF9949F8ACA1}.Release|Any CPU.Build.0 = Release|Any CPU
		{247967A4-6775-47B7-B4BC-45FCE27AA3DA}.Debug|Any CPU.ActiveCfg = Debug|Any CPU
		{247967A4-6775-47B7-B4BC-45FCE27AA3DA}.Debug|Any CPU.Build.0 = Debug|Any CPU
		{247967A4-6775-47B7-B4BC-45FCE27AA3DA}.Release|Any CPU.ActiveCfg = Release|Any CPU
		{247967A4-6775-47B7-B4BC-45FCE27AA3DA}.Release|Any CPU.Build.0 = Release|Any CPU
		{2B7C57B9-591A-4634-A998-7ABA493752D5}.Debug|Any CPU.ActiveCfg = Debug|Any CPU
		{2B7C57B9-591A-4634-A998-7ABA493752D5}.Debug|Any CPU.Build.0 = Debug|Any CPU
		{2B7C57B9-591A-4634-A998-7ABA493752D5}.Release|Any CPU.ActiveCfg = Release|Any CPU
		{2B7C57B9-591A-4634-A998-7ABA493752D5}.Release|Any CPU.Build.0 = Release|Any CPU
		{479585DE-708B-4564-B0BD-E59A8075C67E}.Debug|Any CPU.ActiveCfg = Debug|Any CPU
		{479585DE-708B-4564-B0BD-E59A8075C67E}.Debug|Any CPU.Build.0 = Debug|Any CPU
		{479585DE-708B-4564-B0BD-E59A8075C67E}.Release|Any CPU.ActiveCfg = Release|Any CPU
		{479585DE-708B-4564-B0BD-E59A8075C67E}.Release|Any CPU.Build.0 = Release|Any CPU
		{9EEC9844-FCC3-4CB3-87EE-18B381FCD9E9}.Debug|Any CPU.ActiveCfg = Debug|Any CPU
		{9EEC9844-FCC3-4CB3-87EE-18B381FCD9E9}.Debug|Any CPU.Build.0 = Debug|Any CPU
		{9EEC9844-FCC3-4CB3-87EE-18B381FCD9E9}.Release|Any CPU.ActiveCfg = Release|Any CPU
		{9EEC9844-FCC3-4CB3-87EE-18B381FCD9E9}.Release|Any CPU.Build.0 = Release|Any CPU
		{B399362D-1D51-4038-9559-35E363F0720B}.Debug|Any CPU.ActiveCfg = Debug|Any CPU
		{B399362D-1D51-4038-9559-35E363F0720B}.Debug|Any CPU.Build.0 = Debug|Any CPU
		{B399362D-1D51-4038-9559-35E363F0720B}.Release|Any CPU.ActiveCfg = Release|Any CPU
		{B399362D-1D51-4038-9559-35E363F0720B}.Release|Any CPU.Build.0 = Release|Any CPU
		{0659A338-2611-4E61-BE01-90EA68E47B95}.Debug|Any CPU.ActiveCfg = Debug|Any CPU
		{0659A338-2611-4E61-BE01-90EA68E47B95}.Debug|Any CPU.Build.0 = Debug|Any CPU
		{0659A338-2611-4E61-BE01-90EA68E47B95}.Release|Any CPU.ActiveCfg = Release|Any CPU
		{0659A338-2611-4E61-BE01-90EA68E47B95}.Release|Any CPU.Build.0 = Release|Any CPU
		{F2917F6B-A605-48D4-A28B-844EF89DFEDC}.Debug|Any CPU.ActiveCfg = Debug|Any CPU
		{F2917F6B-A605-48D4-A28B-844EF89DFEDC}.Debug|Any CPU.Build.0 = Debug|Any CPU
		{F2917F6B-A605-48D4-A28B-844EF89DFEDC}.Release|Any CPU.ActiveCfg = Release|Any CPU
		{F2917F6B-A605-48D4-A28B-844EF89DFEDC}.Release|Any CPU.Build.0 = Release|Any CPU
	EndGlobalSection
	GlobalSection(SolutionProperties) = preSolution
		HideSolutionNode = FALSE
	EndGlobalSection
	GlobalSection(NestedProjects) = preSolution
		{17493764-D42D-48F8-BBDE-4B9380BBE7A5} = {5110AC89-1818-4791-9EAF-732781FA86FA}
		{360B5BD8-8F31-4441-8823-CF9949F8ACA1} = {5110AC89-1818-4791-9EAF-732781FA86FA}
		{247967A4-6775-47B7-B4BC-45FCE27AA3DA} = {5110AC89-1818-4791-9EAF-732781FA86FA}
		{2B7C57B9-591A-4634-A998-7ABA493752D5} = {C2A01B0D-D618-481A-B376-13F23AB454EE}
		{479585DE-708B-4564-B0BD-E59A8075C67E} = {C2A01B0D-D618-481A-B376-13F23AB454EE}
		{9EEC9844-FCC3-4CB3-87EE-18B381FCD9E9} = {C2A01B0D-D618-481A-B376-13F23AB454EE}
		{B399362D-1D51-4038-9559-35E363F0720B} = {FF5D9078-7059-4E86-BB8E-8E55838F3284}
		{0659A338-2611-4E61-BE01-90EA68E47B95} = {FF5D9078-7059-4E86-BB8E-8E55838F3284}
		{F2917F6B-A605-48D4-A28B-844EF89DFEDC} = {FF5D9078-7059-4E86-BB8E-8E55838F3284}
	EndGlobalSection
	GlobalSection(ExtensibilityGlobals) = postSolution
		SolutionGuid = {0471918B-AB8D-4403-9E0C-D67EFB8B63A1}
	EndGlobalSection
EndGlobal
