
Microsoft Visual Studio Solution File, Format Version 12.00
# Visual Studio Version 17
VisualStudioVersion = 17.9.34728.123
MinimumVisualStudioVersion = 10.0.40219.1
Project("{2150E333-8FDC-42A3-9474-1A3956D46DE8}") = "Task0", "Task0", "{5110AC89-1818-4791-9EAF-732781FA86FA}"
EndProject
Project("{9A19103F-16F7-4668-BE54-9A1E7A4F7556}") = "Tyuiu.KurbanovFA.Sprint6.Task0.V28.Test", "Tyuiu.KurbanovFA.Sprint6.Task0.V28.Test\Tyuiu.KurbanovFA.Sprint6.Task0.V28.Test.csproj", "{17493764-D42D-48F8-BBDE-4B9380BBE7A5}"
EndProject
Project("{9A19103F-16F7-4668-BE54-9A1E7A4F7556}") = "Tyuiu.KurbanovFA.Sprint6.Task0.V28.Lib", "Tyuiu.KurbanovFA.Sprint6.Task0.V28.Lib\Tyuiu.KurbanovFA.Sprint6.Task0.V28.Lib.csproj", "{360B5BD8-8F31-4441-8823-CF9949F8ACA1}"
EndProject
Project("{9A19103F-16F7-4668-BE54-9A1E7A4F7556}") = "Tyuiu.KurbanovFA.Sprint6.Task0.V28", "Tyuiu.KurbanovFA.Sprint6.Task0.V28\Tyuiu.KurbanovFA.Sprint6.Task0.V28.csproj", "{247967A4-6775-47B7-B4BC-45FCE27AA3DA}"
EndProject
Project("{2150E333-8FDC-42A3-9474-1A3956D46DE8}") = "Task1", "Task1", "{C2A01B0D-D618-481A-B376-13F23AB454EE}"
EndProject
Project("{9A19103F-16F7-4668-BE54-9A1E7A4F7556}") = "Tyuiu.KurbanovFA.Sprint6.Task1.V5", "Tyuiu.KurbanovFA.Sprint6.Task1.V5\Tyuiu.KurbanovFA.Sprint6.Task1.V5.csproj", "{2B7C57B9-591A-4634-A998-7ABA493752D5}"
EndProject
Project("{9A19103F-16F7-4668-BE54-9A1E7A4F7556}") = "Tyuiu.KurbanovFA.Sprint6.Task1.V5.Lib", "Tyuiu.KurbanovFA.Sprint6.Task1.V5.Lib\Tyuiu.KurbanovFA.Sprint6.Task1.V5.Lib.csproj", "{479585DE-708B-4564-B0BD-E59A8075C67E}"
EndProject
Project("{9A19103F-16F7-4668-BE54-9A1E7A4F7556}") = "Tyuiu.KurbanovFA.Sprint6.Task1.V5.Test", "Tyuiu.KurbanovFA.Sprint6.Task1.V5.Test\Tyuiu.KurbanovFA.Sprint6.Task1.V5.Test.csproj", "{9EEC9844-FCC3-4CB3-87EE-18B381FCD9E9}"
EndProject
Project("{2150E333-8FDC-42A3-9474-1A3956D46DE8}") = "Task2", "Task2", "{FF5D9078-7059-4E86-BB8E-8E55838F3284}"
EndProject
Project("{9A19103F-16F7-4668-BE54-9A1E7A4F7556}") = "Tyuiu.KurbanovFA.Sprint6.Task2.V5", "Tyuiu.KurbanovFA.Sprint6.Task2.V5\Tyuiu.KurbanovFA.Sprint6.Task2.V5.csproj", "{B399362D-1D51-4038-9559-35E363F0720B}"
EndProject
Project("{9A19103F-16F7-4668-BE54-9A1E7A4F7556}") = "Tyuiu.KurbanovFA.Sprint6.Task2.V5.Lib", "Tyuiu.KurbanovFA.Sprint6.Task2.V5.Lib\Tyuiu.KurbanovFA.Sprint6.Task2.V5.Lib.csproj", "{0659A338-2611-4E61-BE01-90EA68E47B95}"
EndProject
Project("{9A19103F-16F7-4668-BE54-9A1E7A4F7556}") = "Tyuiu.KurbanovFA.Sprint6.Task2.V5.Test", "Tyuiu.KurbanovFA.Sprint6.Task2.V5.Test\Tyuiu.KurbanovFA.Sprint6.Task2.V5.Test.csproj", "{F2917F6B-A605-48D4-A28B-844EF89DFEDC}"
EndProject
Project("{2150E333-8FDC-42A3-9474-1A3956D46DE8}") = "Task3", "Task3", "{031DEFF7-F188-43A4-B6AC-C4FC77ADB294}"
EndProject
Project("{9A19103F-16F7-4668-BE54-9A1E7A4F7556}") = "Tyuiu.KurbanovFA.Sprint6.Task3.V12", "Tyuiu.KurbanovFA.Sprint6.Task3.V12\Tyuiu.KurbanovFA.Sprint6.Task3.V12.csproj", "{BA729314-5E13-4F26-9880-78624C204539}"
EndProject
Project("{9A19103F-16F7-4668-BE54-9A1E7A4F7556}") = "Tyuiu.KurbanovFA.Sprint6.Task3.V12.Lib", "Tyuiu.KurbanovFA.Sprint6.Task3.V12.Lib\Tyuiu.KurbanovFA.Sprint6.Task3.V12.Lib.csproj", "{D5C88B3F-AE1A-4F37-93B4-A98876CFAADB}"
EndProject
Project("{9A19103F-16F7-4668-BE54-9A1E7A4F7556}") = "Tyuiu.KurbanovFA.Sprint6.Task3.V12.Test", "Tyuiu.KurbanovFA.Sprint6.Task3.V12.Test\Tyuiu.KurbanovFA.Sprint6.Task3.V12.Test.csproj", "{4F5F51EF-0149-4B7C-8EB7-F4274866D387}"
EndProject
Project("{2150E333-8FDC-42A3-9474-1A3956D46DE8}") = "Task4", "Task4", "{EC7FF926-A44F-479B-9839-8E4FF6E2CF08}"
EndProject
Project("{9A19103F-16F7-4668-BE54-9A1E7A4F7556}") = "Tyuiu.KurbanovFA.Sprint6.Task4.V24", "Tyuiu.KurbanovFA.Sprint6.Task4.V24\Tyuiu.KurbanovFA.Sprint6.Task4.V24.csproj", "{39B9237A-EB71-4ED2-8F4F-5CE81A2EE4A2}"
EndProject
Project("{9A19103F-16F7-4668-BE54-9A1E7A4F7556}") = "Tyuiu.KurbanovFA.Sprint6.Task4.V24.Lib", "Tyuiu.KurbanovFA.Sprint6.Task4.V24.Lib\Tyuiu.KurbanovFA.Sprint6.Task4.V24.Lib.csproj", "{BC0ADED6-2A0F-4874-9194-2EE316F10D3D}"
EndProject
Project("{FAE04EC0-301F-11D3-BF4B-00C04F79EFBC}") = "Tyuiu.KurbanovFA.Sprint6.Task4.V24.Test", "Tyuiu.KurbanovFA.Sprint6.Task4.V24.Test\Tyuiu.KurbanovFA.Sprint6.Task4.V24.Test.csproj", "{DF3CF5F9-F3B3-4323-B1FF-A0C5E3688298}"
EndProject
Project("{2150E333-8FDC-42A3-9474-1A3956D46DE8}") = "Task5", "Task5", "{92CEB084-E90C-4FE1-8B01-15E259D8BADE}"
EndProject
Project("{FAE04EC0-301F-11D3-BF4B-00C04F79EFBC}") = "Tyuiu.KurbanovFA.Sprint6.Task5.V13", "Tyuiu.KurbanovFA.Sprint6.Task5.V13\Tyuiu.KurbanovFA.Sprint6.Task5.V13.csproj", "{6AB76DC3-F999-424B-865E-AEA0C08BA126}"
EndProject
Project("{FAE04EC0-301F-11D3-BF4B-00C04F79EFBC}") = "Tyuiu.KurbanovFA.Sprint6.Task5.V13.Lib", "Tyuiu.KurbanovFA.Sprint6.Task5.V13.Lib\Tyuiu.KurbanovFA.Sprint6.Task5.V13.Lib.csproj", "{DD8A1565-F98B-4F8F-AF4F-28956E4C4F98}"
EndProject
Project("{FAE04EC0-301F-11D3-BF4B-00C04F79EFBC}") = "Tyuiu.KurbanovFA.Sprint6.Task5.V13.Test", "Tyuiu.KurbanovFA.Sprint6.Task5.V13.Test\Tyuiu.KurbanovFA.Sprint6.Task5.V13.Test.csproj", "{C03E4AA6-F699-4C54-AD18-AA464C92C1C7}"
EndProject
Project("{2150E333-8FDC-42A3-9474-1A3956D46DE8}") = "Task6", "Task6", "{5482A65D-7A87-452A-A281-32B9D92CD9E7}"
EndProject
Project("{FAE04EC0-301F-11D3-BF4B-00C04F79EFBC}") = "Tyuiu.KurbanovFA.Sprint6.Task6.V2", "Tyuiu.KurbanovFA.Sprint6.Task6.V2\Tyuiu.KurbanovFA.Sprint6.Task6.V2.csproj", "{1B2696B1-187D-4EF1-A911-A7B9C802951F}"
EndProject
Project("{FAE04EC0-301F-11D3-BF4B-00C04F79EFBC}") = "Tyuiu.KurbanovFA.Sprint6.Task6.V2.Lib", "Tyuiu.KurbanovFA.Sprint6.Task6.V2.Lib\Tyuiu.KurbanovFA.Sprint6.Task6.V2.Lib.csproj", "{CB791913-DCED-4225-929D-933524197F36}"
EndProject
Project("{FAE04EC0-301F-11D3-BF4B-00C04F79EFBC}") = "Tyuiu.KurbanovFA.Sprint6.Task6.V2.Test", "Tyuiu.KurbanovFA.Sprint6.Task6.V2.Test\Tyuiu.KurbanovFA.Sprint6.Task6.V2.Test.csproj", "{9450CD9F-E86D-41DF-B822-E7717AAE3C3E}"
EndProject
Global
	GlobalSection(SolutionConfigurationPlatforms) = preSolution
		Debug|Any CPU = Debug|Any CPU
		Release|Any CPU = Release|Any CPU
	EndGlobalSection
	GlobalSection(ProjectConfigurationPlatforms) = postSolution
		{17493764-D42D-48F8-BBDE-4B9380BBE7A5}.Debug|Any CPU.ActiveCfg = Debug|Any CPU
		{17493764-D42D-48F8-BBDE-4B9380BBE7A5}.Debug|Any CPU.Build.0 = Debug|Any CPU
		{17493764-D42D-48F8-BBDE-4B9380BBE7A5}.Release|Any CPU.ActiveCfg = Release|Any CPU
		{17493764-D42D-48F8-BBDE-4B9380BBE7A5}.Release|Any CPU.Build.0 = Release|Any CPU
		{360B5BD8-8F31-4441-8823-CF9949F8ACA1}.Debug|Any CPU.ActiveCfg = Debug|Any CPU
		{360B5BD8-8F31-4441-8823-CF9949F8ACA1}.Debug|Any CPU.Build.0 = Debug|Any CPU
		{360B5BD8-8F31-4441-8823-CF9949F8ACA1}.Release|Any CPU.ActiveCfg = Release|Any CPU
		{360B5BD8-8F31-4441-8823-CF9949F8ACA1}.Release|Any CPU.Build.0 = Release|Any CPU
		{247967A4-6775-47B7-B4BC-45FCE27AA3DA}.Debug|Any CPU.ActiveCfg = Debug|Any CPU
		{247967A4-6775-47B7-B4BC-45FCE27AA3DA}.Debug|Any CPU.Build.0 = Debug|Any CPU
		{247967A4-6775-47B7-B4BC-45FCE27AA3DA}.Release|Any CPU.ActiveCfg = Release|Any CPU
		{247967A4-6775-47B7-B4BC-45FCE27AA3DA}.Release|Any CPU.Build.0 = Release|Any CPU
		{2B7C57B9-591A-4634-A998-7ABA493752D5}.Debug|Any CPU.ActiveCfg = Debug|Any CPU
		{2B7C57B9-591A-4634-A998-7ABA493752D5}.Debug|Any CPU.Build.0 = Debug|Any CPU
		{2B7C57B9-591A-4634-A998-7ABA493752D5}.Release|Any CPU.ActiveCfg = Release|Any CPU
		{2B7C57B9-591A-4634-A998-7ABA493752D5}.Release|Any CPU.Build.0 = Release|Any CPU
		{479585DE-708B-4564-B0BD-E59A8075C67E}.Debug|Any CPU.ActiveCfg = Debug|Any CPU
		{479585DE-708B-4564-B0BD-E59A8075C67E}.Debug|Any CPU.Build.0 = Debug|Any CPU
		{479585DE-708B-4564-B0BD-E59A8075C67E}.Release|Any CPU.ActiveCfg = Release|Any CPU
		{479585DE-708B-4564-B0BD-E59A8075C67E}.Release|Any CPU.Build.0 = Release|Any CPU
		{9EEC9844-FCC3-4CB3-87EE-18B381FCD9E9}.Debug|Any CPU.ActiveCfg = Debug|Any CPU
		{9EEC9844-FCC3-4CB3-87EE-18B381FCD9E9}.Debug|Any CPU.Build.0 = Debug|Any CPU
		{9EEC9844-FCC3-4CB3-87EE-18B381FCD9E9}.Release|Any CPU.ActiveCfg = Release|Any CPU
		{9EEC9844-FCC3-4CB3-87EE-18B381FCD9E9}.Release|Any CPU.Build.0 = Release|Any CPU
		{B399362D-1D51-4038-9559-35E363F0720B}.Debug|Any CPU.ActiveCfg = Debug|Any CPU
		{B399362D-1D51-4038-9559-35E363F0720B}.Debug|Any CPU.Build.0 = Debug|Any CPU
		{B399362D-1D51-4038-9559-35E363F0720B}.Release|Any CPU.ActiveCfg = Release|Any CPU
		{B399362D-1D51-4038-9559-35E363F0720B}.Release|Any CPU.Build.0 = Release|Any CPU
		{0659A338-2611-4E61-BE01-90EA68E47B95}.Debug|Any CPU.ActiveCfg = Debug|Any CPU
		{0659A338-2611-4E61-BE01-90EA68E47B95}.Debug|Any CPU.Build.0 = Debug|Any CPU
		{0659A338-2611-4E61-BE01-90EA68E47B95}.Release|Any CPU.ActiveCfg = Release|Any CPU
		{0659A338-2611-4E61-BE01-90EA68E47B95}.Release|Any CPU.Build.0 = Release|Any CPU
		{F2917F6B-A605-48D4-A28B-844EF89DFEDC}.Debug|Any CPU.ActiveCfg = Debug|Any CPU
		{F2917F6B-A605-48D4-A28B-844EF89DFEDC}.Debug|Any CPU.Build.0 = Debug|Any CPU
		{F2917F6B-A605-48D4-A28B-844EF89DFEDC}.Release|Any CPU.ActiveCfg = Release|Any CPU
		{F2917F6B-A605-48D4-A28B-844EF89DFEDC}.Release|Any CPU.Build.0 = Release|Any CPU
		{BA729314-5E13-4F26-9880-78624C204539}.Debug|Any CPU.ActiveCfg = Debug|Any CPU
		{BA729314-5E13-4F26-9880-78624C204539}.Debug|Any CPU.Build.0 = Debug|Any CPU
		{BA729314-5E13-4F26-9880-78624C204539}.Release|Any CPU.ActiveCfg = Release|Any CPU
		{BA729314-5E13-4F26-9880-78624C204539}.Release|Any CPU.Build.0 = Release|Any CPU
		{D5C88B3F-AE1A-4F37-93B4-A98876CFAADB}.Debug|Any CPU.ActiveCfg = Debug|Any CPU
		{D5C88B3F-AE1A-4F37-93B4-A98876CFAADB}.Debug|Any CPU.Build.0 = Debug|Any CPU
		{D5C88B3F-AE1A-4F37-93B4-A98876CFAADB}.Release|Any CPU.ActiveCfg = Release|Any CPU
		{D5C88B3F-AE1A-4F37-93B4-A98876CFAADB}.Release|Any CPU.Build.0 = Release|Any CPU
		{4F5F51EF-0149-4B7C-8EB7-F4274866D387}.Debug|Any CPU.ActiveCfg = Debug|Any CPU
		{4F5F51EF-0149-4B7C-8EB7-F4274866D387}.Debug|Any CPU.Build.0 = Debug|Any CPU
		{4F5F51EF-0149-4B7C-8EB7-F4274866D387}.Release|Any CPU.ActiveCfg = Release|Any CPU
		{4F5F51EF-0149-4B7C-8EB7-F4274866D387}.Release|Any CPU.Build.0 = Release|Any CPU
		{39B9237A-EB71-4ED2-8F4F-5CE81A2EE4A2}.Debug|Any CPU.ActiveCfg = Debug|Any CPU
		{39B9237A-EB71-4ED2-8F4F-5CE81A2EE4A2}.Debug|Any CPU.Build.0 = Debug|Any CPU
		{39B9237A-EB71-4ED2-8F4F-5CE81A2EE4A2}.Release|Any CPU.ActiveCfg = Release|Any CPU
		{39B9237A-EB71-4ED2-8F4F-5CE81A2EE4A2}.Release|Any CPU.Build.0 = Release|Any CPU
		{BC0ADED6-2A0F-4874-9194-2EE316F10D3D}.Debug|Any CPU.ActiveCfg = Debug|Any CPU
		{BC0ADED6-2A0F-4874-9194-2EE316F10D3D}.Debug|Any CPU.Build.0 = Debug|Any CPU
		{BC0ADED6-2A0F-4874-9194-2EE316F10D3D}.Release|Any CPU.ActiveCfg = Release|Any CPU
		{BC0ADED6-2A0F-4874-9194-2EE316F10D3D}.Release|Any CPU.Build.0 = Release|Any CPU
		{DF3CF5F9-F3B3-4323-B1FF-A0C5E3688298}.Debug|Any CPU.ActiveCfg = Debug|Any CPU
		{DF3CF5F9-F3B3-4323-B1FF-A0C5E3688298}.Debug|Any CPU.Build.0 = Debug|Any CPU
		{DF3CF5F9-F3B3-4323-B1FF-A0C5E3688298}.Release|Any CPU.ActiveCfg = Release|Any CPU
		{DF3CF5F9-F3B3-4323-B1FF-A0C5E3688298}.Release|Any CPU.Build.0 = Release|Any CPU
		{6AB76DC3-F999-424B-865E-AEA0C08BA126}.Debug|Any CPU.ActiveCfg = Debug|Any CPU
		{6AB76DC3-F999-424B-865E-AEA0C08BA126}.Debug|Any CPU.Build.0 = Debug|Any CPU
		{6AB76DC3-F999-424B-865E-AEA0C08BA126}.Release|Any CPU.ActiveCfg = Release|Any CPU
		{6AB76DC3-F999-424B-865E-AEA0C08BA126}.Release|Any CPU.Build.0 = Release|Any CPU
		{DD8A1565-F98B-4F8F-AF4F-28956E4C4F98}.Debug|Any CPU.ActiveCfg = Debug|Any CPU
		{DD8A1565-F98B-4F8F-AF4F-28956E4C4F98}.Debug|Any CPU.Build.0 = Debug|Any CPU
		{DD8A1565-F98B-4F8F-AF4F-28956E4C4F98}.Release|Any CPU.ActiveCfg = Release|Any CPU
		{DD8A1565-F98B-4F8F-AF4F-28956E4C4F98}.Release|Any CPU.Build.0 = Release|Any CPU
		{C03E4AA6-F699-4C54-AD18-AA464C92C1C7}.Debug|Any CPU.ActiveCfg = Debug|Any CPU
		{C03E4AA6-F699-4C54-AD18-AA464C92C1C7}.Debug|Any CPU.Build.0 = Debug|Any CPU
		{C03E4AA6-F699-4C54-AD18-AA464C92C1C7}.Release|Any CPU.ActiveCfg = Release|Any CPU
		{C03E4AA6-F699-4C54-AD18-AA464C92C1C7}.Release|Any CPU.Build.0 = Release|Any CPU
		{1B2696B1-187D-4EF1-A911-A7B9C802951F}.Debug|Any CPU.ActiveCfg = Debug|Any CPU
		{1B2696B1-187D-4EF1-A911-A7B9C802951F}.Debug|Any CPU.Build.0 = Debug|Any CPU
		{1B2696B1-187D-4EF1-A911-A7B9C802951F}.Release|Any CPU.ActiveCfg = Release|Any CPU
		{1B2696B1-187D-4EF1-A911-A7B9C802951F}.Release|Any CPU.Build.0 = Release|Any CPU
		{CB791913-DCED-4225-929D-933524197F36}.Debug|Any CPU.ActiveCfg = Debug|Any CPU
		{CB791913-DCED-4225-929D-933524197F36}.Debug|Any CPU.Build.0 = Debug|Any CPU
		{CB791913-DCED-4225-929D-933524197F36}.Release|Any CPU.ActiveCfg = Release|Any CPU
		{CB791913-DCED-4225-929D-933524197F36}.Release|Any CPU.Build.0 = Release|Any CPU
		{9450CD9F-E86D-41DF-B822-E7717AAE3C3E}.Debug|Any CPU.ActiveCfg = Debug|Any CPU
		{9450CD9F-E86D-41DF-B822-E7717AAE3C3E}.Debug|Any CPU.Build.0 = Debug|Any CPU
		{9450CD9F-E86D-41DF-B822-E7717AAE3C3E}.Release|Any CPU.ActiveCfg = Release|Any CPU
		{9450CD9F-E86D-41DF-B822-E7717AAE3C3E}.Release|Any CPU.Build.0 = Release|Any CPU
	EndGlobalSection
	GlobalSection(SolutionProperties) = preSolution
		HideSolutionNode = FALSE
	EndGlobalSection
	GlobalSection(NestedProjects) = preSolution
		{17493764-D42D-48F8-BBDE-4B9380BBE7A5} = {5110AC89-1818-4791-9EAF-732781FA86FA}
		{360B5BD8-8F31-4441-8823-CF9949F8ACA1} = {5110AC89-1818-4791-9EAF-732781FA86FA}
		{247967A4-6775-47B7-B4BC-45FCE27AA3DA} = {5110AC89-1818-4791-9EAF-732781FA86FA}
		{2B7C57B9-591A-4634-A998-7ABA493752D5} = {C2A01B0D-D618-481A-B376-13F23AB454EE}
		{479585DE-708B-4564-B0BD-E59A8075C67E} = {C2A01B0D-D618-481A-B376-13F23AB454EE}
		{9EEC9844-FCC3-4CB3-87EE-18B381FCD9E9} = {C2A01B0D-D618-481A-B376-13F23AB454EE}
		{B399362D-1D51-4038-9559-35E363F0720B} = {FF5D9078-7059-4E86-BB8E-8E55838F3284}
		{0659A338-2611-4E61-BE01-90EA68E47B95} = {FF5D9078-7059-4E86-BB8E-8E55838F3284}
		{F2917F6B-A605-48D4-A28B-844EF89DFEDC} = {FF5D9078-7059-4E86-BB8E-8E55838F3284}
		{BA729314-5E13-4F26-9880-78624C204539} = {031DEFF7-F188-43A4-B6AC-C4FC77ADB294}
		{D5C88B3F-AE1A-4F37-93B4-A98876CFAADB} = {031DEFF7-F188-43A4-B6AC-C4FC77ADB294}
		{4F5F51EF-0149-4B7C-8EB7-F4274866D387} = {031DEFF7-F188-43A4-B6AC-C4FC77ADB294}
		{39B9237A-EB71-4ED2-8F4F-5CE81A2EE4A2} = {EC7FF926-A44F-479B-9839-8E4FF6E2CF08}
		{BC0ADED6-2A0F-4874-9194-2EE316F10D3D} = {EC7FF926-A44F-479B-9839-8E4FF6E2CF08}
		{DF3CF5F9-F3B3-4323-B1FF-A0C5E3688298} = {EC7FF926-A44F-479B-9839-8E4FF6E2CF08}
		{6AB76DC3-F999-424B-865E-AEA0C08BA126} = {92CEB084-E90C-4FE1-8B01-15E259D8BADE}
		{DD8A1565-F98B-4F8F-AF4F-28956E4C4F98} = {92CEB084-E90C-4FE1-8B01-15E259D8BADE}
		{C03E4AA6-F699-4C54-AD18-AA464C92C1C7} = {92CEB084-E90C-4FE1-8B01-15E259D8BADE}
		{1B2696B1-187D-4EF1-A911-A7B9C802951F} = {5482A65D-7A87-452A-A281-32B9D92CD9E7}
		{CB791913-DCED-4225-929D-933524197F36} = {5482A65D-7A87-452A-A281-32B9D92CD9E7}
		{9450CD9F-E86D-41DF-B822-E7717AAE3C3E} = {5482A65D-7A87-452A-A281-32B9D92CD9E7}
	EndGlobalSection
	GlobalSection(ExtensibilityGlobals) = postSolution
		SolutionGuid = {0471918B-AB8D-4403-9E0C-D67EFB8B63A1}
	EndGlobalSection
EndGlobal
